
Microsoft Visual Studio Solution File, Format Version 12.00
# Visual Studio 15
VisualStudioVersion = 15.0.26124.0
MinimumVisualStudioVersion = 15.0.26124.0
Project("{2150E333-8FDC-42A3-9474-1A3956D46DE8}") = "src", "src", "{D3914882-D20F-4A31-878E-186CF6D66BDD}"
EndProject
Project("{FAE04EC0-301F-11D3-BF4B-00C04F79EFBC}") = "Preprocessor", "src\Preprocessor\Preprocessor.csproj", "{448AF30A-E7CB-4E40-81C5-36CEC8CD0A0C}"
EndProject
Project("{2150E333-8FDC-42A3-9474-1A3956D46DE8}") = "tests", "tests", "{7A858FE1-4A31-4EEF-A6E4-06A32EE864C9}"
EndProject
Project("{FAE04EC0-301F-11D3-BF4B-00C04F79EFBC}") = "PreprocessorTests", "tests\PreprocessorTests\PreprocessorTests.csproj", "{C06269DE-F382-4F79-86C4-9BD07323FDE9}"
EndProject
Global
	GlobalSection(SolutionConfigurationPlatforms) = preSolution
		Debug|Any CPU = Debug|Any CPU
		Debug|x64 = Debug|x64
		Debug|x86 = Debug|x86
		Release|Any CPU = Release|Any CPU
		Release|x64 = Release|x64
		Release|x86 = Release|x86
	EndGlobalSection
	GlobalSection(SolutionProperties) = preSolution
		HideSolutionNode = FALSE
	EndGlobalSection
	GlobalSection(ProjectConfigurationPlatforms) = postSolution
		{448AF30A-E7CB-4E40-81C5-36CEC8CD0A0C}.Debug|Any CPU.ActiveCfg = Debug|Any CPU
		{448AF30A-E7CB-4E40-81C5-36CEC8CD0A0C}.Debug|Any CPU.Build.0 = Debug|Any CPU
		{448AF30A-E7CB-4E40-81C5-36CEC8CD0A0C}.Debug|x64.ActiveCfg = Debug|x64
		{448AF30A-E7CB-4E40-81C5-36CEC8CD0A0C}.Debug|x64.Build.0 = Debug|x64
		{448AF30A-E7CB-4E40-81C5-36CEC8CD0A0C}.Debug|x86.ActiveCfg = Debug|x86
		{448AF30A-E7CB-4E40-81C5-36CEC8CD0A0C}.Debug|x86.Build.0 = Debug|x86
		{448AF30A-E7CB-4E40-81C5-36CEC8CD0A0C}.Release|Any CPU.ActiveCfg = Release|Any CPU
		{448AF30A-E7CB-4E40-81C5-36CEC8CD0A0C}.Release|Any CPU.Build.0 = Release|Any CPU
		{448AF30A-E7CB-4E40-81C5-36CEC8CD0A0C}.Release|x64.ActiveCfg = Release|x64
		{448AF30A-E7CB-4E40-81C5-36CEC8CD0A0C}.Release|x64.Build.0 = Release|x64
		{448AF30A-E7CB-4E40-81C5-36CEC8CD0A0C}.Release|x86.ActiveCfg = Release|x86
		{448AF30A-E7CB-4E40-81C5-36CEC8CD0A0C}.Release|x86.Build.0 = Release|x86
		{C06269DE-F382-4F79-86C4-9BD07323FDE9}.Debug|Any CPU.ActiveCfg = Debug|Any CPU
		{C06269DE-F382-4F79-86C4-9BD07323FDE9}.Debug|Any CPU.Build.0 = Debug|Any CPU
		{C06269DE-F382-4F79-86C4-9BD07323FDE9}.Debug|x64.ActiveCfg = Debug|x64
		{C06269DE-F382-4F79-86C4-9BD07323FDE9}.Debug|x64.Build.0 = Debug|x64
		{C06269DE-F382-4F79-86C4-9BD07323FDE9}.Debug|x86.ActiveCfg = Debug|x86
		{C06269DE-F382-4F79-86C4-9BD07323FDE9}.Debug|x86.Build.0 = Debug|x86
		{C06269DE-F382-4F79-86C4-9BD07323FDE9}.Release|Any CPU.ActiveCfg = Release|Any CPU
		{C06269DE-F382-4F79-86C4-9BD07323FDE9}.Release|Any CPU.Build.0 = Release|Any CPU
		{C06269DE-F382-4F79-86C4-9BD07323FDE9}.Release|x64.ActiveCfg = Release|x64
		{C06269DE-F382-4F79-86C4-9BD07323FDE9}.Release|x64.Build.0 = Release|x64
		{C06269DE-F382-4F79-86C4-9BD07323FDE9}.Release|x86.ActiveCfg = Release|x86
		{C06269DE-F382-4F79-86C4-9BD07323FDE9}.Release|x86.Build.0 = Release|x86
	EndGlobalSection
	GlobalSection(NestedProjects) = preSolution
		{448AF30A-E7CB-4E40-81C5-36CEC8CD0A0C} = {D3914882-D20F-4A31-878E-186CF6D66BDD}
		{C06269DE-F382-4F79-86C4-9BD07323FDE9} = {7A858FE1-4A31-4EEF-A6E4-06A32EE864C9}
	EndGlobalSection
EndGlobal
